
Microsoft Visual Studio Solution File, Format Version 12.00
# Visual Studio Version 17
VisualStudioVersion = 17.4.33213.308
MinimumVisualStudioVersion = 10.0.40219.1
Project("{FAE04EC0-301F-11D3-BF4B-00C04F79EFBC}") = "Employee", "LabOne\Employee.csproj", "{4F4968FE-91CC-48A1-B2DE-27D4C071262D}"
EndProject
Global
	GlobalSection(SolutionConfigurationPlatforms) = preSolution
		Debug|Any CPU = Debug|Any CPU
		Release|Any CPU = Release|Any CPU
	EndGlobalSection
	GlobalSection(ProjectConfigurationPlatforms) = postSolution
		{4F4968FE-91CC-48A1-B2DE-27D4C071262D}.Debug|Any CPU.ActiveCfg = Debug|Any CPU
		{4F4968FE-91CC-48A1-B2DE-27D4C071262D}.Debug|Any CPU.Build.0 = Debug|Any CPU
		{4F4968FE-91CC-48A1-B2DE-27D4C071262D}.Release|Any CPU.ActiveCfg = Release|Any CPU
		{4F4968FE-91CC-48A1-B2DE-27D4C071262D}.Release|Any CPU.Build.0 = Release|Any CPU
	EndGlobalSection
	GlobalSection(SolutionProperties) = preSolution
		HideSolutionNode = FALSE
	EndGlobalSection
	GlobalSection(ExtensibilityGlobals) = postSolution
		SolutionGuid = {8CCD1F8A-1F52-4453-84A1-A78FB2663B83}
	EndGlobalSection
EndGlobal
