
Microsoft Visual Studio Solution File, Format Version 12.00
# Visual Studio Version 17
VisualStudioVersion = 17.5.33530.505
MinimumVisualStudioVersion = 10.0.40219.1
Project("{FAE04EC0-301F-11D3-BF4B-00C04F79EFBC}") = "Time_is_my_Companion", "Time_is_my_Companion\Time_is_my_Companion.csproj", "{F3F1B2E8-1128-4866-8CB2-9A2C58F5EE32}"
EndProject
Global
	GlobalSection(SolutionConfigurationPlatforms) = preSolution
		Debug|Any CPU = Debug|Any CPU
		Release|Any CPU = Release|Any CPU
	EndGlobalSection
	GlobalSection(ProjectConfigurationPlatforms) = postSolution
		{F3F1B2E8-1128-4866-8CB2-9A2C58F5EE32}.Debug|Any CPU.ActiveCfg = Debug|Any CPU
		{F3F1B2E8-1128-4866-8CB2-9A2C58F5EE32}.Debug|Any CPU.Build.0 = Debug|Any CPU
		{F3F1B2E8-1128-4866-8CB2-9A2C58F5EE32}.Release|Any CPU.ActiveCfg = Release|Any CPU
		{F3F1B2E8-1128-4866-8CB2-9A2C58F5EE32}.Release|Any CPU.Build.0 = Release|Any CPU
	EndGlobalSection
	GlobalSection(SolutionProperties) = preSolution
		HideSolutionNode = FALSE
	EndGlobalSection
	GlobalSection(ExtensibilityGlobals) = postSolution
		SolutionGuid = {3664B8F6-E463-4FAC-A180-0973C11235EB}
	EndGlobalSection
EndGlobal
